
Microsoft Visual Studio Solution File, Format Version 12.00
# Visual Studio Version 17
VisualStudioVersion = 17.14.37710.0 d17.14
MinimumVisualStudioVersion = 10.0.40219.1
Project("{FAE04EC0-301F-11D3-BF4B-00C04F79EFBC}") = "oop", "oop.csproj", "{5B74105E-D219-4D90-BAB5-4AF7C0E8B766}"
EndProject
Global
	GlobalSection(SolutionConfigurationPlatforms) = preSolution
		Debug|Any CPU = Debug|Any CPU
		Release|Any CPU = Release|Any CPU
	EndGlobalSection
	GlobalSection(ProjectConfigurationPlatforms) = postSolution
		{5B74105E-D219-4D90-BAB5-4AF7C0E8B766}.Debug|Any CPU.ActiveCfg = Debug|Any CPU
		{5B74105E-D219-4D90-BAB5-4AF7C0E8B766}.Debug|Any CPU.Build.0 = Debug|Any CPU
		{5B74105E-D219-4D90-BAB5-4AF7C0E8B766}.Release|Any CPU.ActiveCfg = Release|Any CPU
		{5B74105E-D219-4D90-BAB5-4AF7C0E8B766}.Release|Any CPU.Build.0 = Release|Any CPU
	EndGlobalSection
	GlobalSection(SolutionProperties) = preSolution
		HideSolutionNode = FALSE
	EndGlobalSection
	GlobalSection(ExtensibilityGlobals) = postSolution
		SolutionGuid = {3E560723-0A05-484D-B702-5E5BDDE51A9B}
	EndGlobalSection
EndGlobal
