
Microsoft Visual Studio Solution File, Format Version 12.00
# Visual Studio Version 17
VisualStudioVersion = 17.14.37012.4 d17.14
MinimumVisualStudioVersion = 10.0.40219.1
Project("{FAE04EC0-301F-11D3-BF4B-00C04F79EFBC}") = "FirstProgram", "FirstProgram\FirstProgram.csproj", "{FBB22EB1-4A95-41A2-ACBD-A166193CB787}"
EndProject
Global
	GlobalSection(SolutionConfigurationPlatforms) = preSolution
		Debug|Any CPU = Debug|Any CPU
		Release|Any CPU = Release|Any CPU
	EndGlobalSection
	GlobalSection(ProjectConfigurationPlatforms) = postSolution
		{FBB22EB1-4A95-41A2-ACBD-A166193CB787}.Debug|Any CPU.ActiveCfg = Debug|Any CPU
		{FBB22EB1-4A95-41A2-ACBD-A166193CB787}.Debug|Any CPU.Build.0 = Debug|Any CPU
		{FBB22EB1-4A95-41A2-ACBD-A166193CB787}.Release|Any CPU.ActiveCfg = Release|Any CPU
		{FBB22EB1-4A95-41A2-ACBD-A166193CB787}.Release|Any CPU.Build.0 = Release|Any CPU
	EndGlobalSection
	GlobalSection(SolutionProperties) = preSolution
		HideSolutionNode = FALSE
	EndGlobalSection
	GlobalSection(ExtensibilityGlobals) = postSolution
		SolutionGuid = {E6C78B53-638F-4A4F-BAF0-6447BD236E14}
	EndGlobalSection
EndGlobal
